
Microsoft Visual Studio Solution File, Format Version 12.00
# Visual Studio Version 17
VisualStudioVersion = 17.5.002.0
MinimumVisualStudioVersion = 10.0.40219.1
Project("{9A19103F-16F7-4668-BE54-9A1E7A4F7556}") = "Parallax", "Parallax\Parallax.csproj", "{8500604D-E81B-4A5A-8F65-051ECBFF1D3E}"
EndProject
Global
	GlobalSection(SolutionConfigurationPlatforms) = preSolution
		Debug|Any CPU = Debug|Any CPU
		Release|Any CPU = Release|Any CPU
	EndGlobalSection
	GlobalSection(ProjectConfigurationPlatforms) = postSolution
		{8500604D-E81B-4A5A-8F65-051ECBFF1D3E}.Debug|Any CPU.ActiveCfg = Debug|Any CPU
		{8500604D-E81B-4A5A-8F65-051ECBFF1D3E}.Debug|Any CPU.Build.0 = Debug|Any CPU
		{8500604D-E81B-4A5A-8F65-051ECBFF1D3E}.Release|Any CPU.ActiveCfg = Release|Any CPU
		{8500604D-E81B-4A5A-8F65-051ECBFF1D3E}.Release|Any CPU.Build.0 = Release|Any CPU
	EndGlobalSection
	GlobalSection(SolutionProperties) = preSolution
		HideSolutionNode = FALSE
	EndGlobalSection
	GlobalSection(ExtensibilityGlobals) = postSolution
		SolutionGuid = {4E1FB5F6-E734-4620-8CF9-8EC822646737}
	EndGlobalSection
EndGlobal
